{
    "name":  "react-example",
    "version":  "0.0.0",
    "lockfileVersion":  3,
    "requires":  true,
    "packages":  {
                     "":  {
                              "name":  "react-example",
                              "version":  "0.0.0",
                              "dependencies":  {
                                                   "@google/genai":  "^1.29.0",
                                                   "@tailwindcss/typography":  "^0.5.19",
                                                   "@tailwindcss/vite":  "^4.1.14",
                                                   "@vitejs/plugin-react":  "^5.0.4",
                                                   "clsx":  "^2.1.1",
                                                   "html2pdf.js":  "^0.14.0",
                                                   "lucide-react":  "^0.546.0",
                                                   "marked":  "^17.0.4",
                                                   "motion":  "^12.35.2",
                                                   "react":  "^19.0.0",
                                                   "react-dom":  "^19.0.0",
                                                   "sweetalert2":  "^11.26.22",
                                                   "tailwind-merge":  "^3.5.0"
                                               },
                              "devDependencies":  {
                                                      "@types/node":  "^22.14.0",
                                                      "autoprefixer":  "^10.4.21",
                                                      "tailwindcss":  "^4.1.14",
                                                      "tsx":  "^4.21.0",
                                                      "typescript":  "~5.8.2",
                                                      "vite":  "^6.2.0"
                                                  }
                          }
                 }
}

